
Microsoft Visual Studio Solution File, Format Version 12.00
Project("{FAE04EC0-301F-11D3-BF4B-00C04F79EFBC}") = "ZionApps.Outbox", "src\ZionApps.Outbox\ZionApps.Outbox.csproj", "{1AC8F682-5AE7-43D0-89AD-EF776394E34F}"
EndProject
Project("{FAE04EC0-301F-11D3-BF4B-00C04F79EFBC}") = "ZionApps.Outbox.Tests", "tests\ZionApps.Outbox.Tests\ZionApps.Outbox.Tests.csproj", "{1A99ACBC-174D-40E3-864E-B6B170DF0ECE}"
EndProject
Project("{FAE04EC0-301F-11D3-BF4B-00C04F79EFBC}") = "ZionApps.Outbox.PostgreSql", "src\ZionApps.Outbox.PostgreSql\ZionApps.Outbox.PostgreSql.csproj", "{065684CF-C379-49E9-B834-74F5D0565462}"
EndProject
Project("{FAE04EC0-301F-11D3-BF4B-00C04F79EFBC}") = "ZionApps.Outbox.Kafka", "src\ZionApps.Outbox.Kafka\ZionApps.Outbox.Kafka.csproj", "{D44299E6-B144-4D30-AE77-273EB14727DA}"
EndProject
Project("{FAE04EC0-301F-11D3-BF4B-00C04F79EFBC}") = "ZionApps.Outbox.Relational", "src\ZionApps.Outbox.Relational\ZionApps.Outbox.Relational.csproj", "{4AA33900-D9DA-4C94-86B3-69F6C5B82639}"
EndProject
Project("{2150E333-8FDC-42A3-9474-1A3956D46DE8}") = "src", "src", "{556A3434-BF46-4835-804A-E31DCBC54851}"
EndProject
Project("{2150E333-8FDC-42A3-9474-1A3956D46DE8}") = "tests", "tests", "{3CC0D029-9173-41A6-BCDE-5B7244051ACC}"
EndProject
Project("{2150E333-8FDC-42A3-9474-1A3956D46DE8}") = "samples", "samples", "{67061F1D-591E-4D83-ACC0-9C70F52248DD}"
EndProject
Project("{FAE04EC0-301F-11D3-BF4B-00C04F79EFBC}") = "ZionApps.Outbox.EF", "src\ZionApps.Outbox.EF\ZionApps.Outbox.EF.csproj", "{2C9A8B0F-5196-4DC9-85BC-D2E403008B41}"
EndProject
Project("{FAE04EC0-301F-11D3-BF4B-00C04F79EFBC}") = "ZionApps.Outbox.AspNetCore", "src\ZionApps.Outbox.AspNetCore\ZionApps.Outbox.AspNetCore.csproj", "{608A25D2-AA9E-411F-9B7A-3EDC0D1EDF93}"
EndProject
Project("{FAE04EC0-301F-11D3-BF4B-00C04F79EFBC}") = "Sample.Kafka.PostgreSql", "Sample.Kafka.PostgreSql\Sample.Kafka.PostgreSql.csproj", "{C0A11684-81EE-4C4D-BBFA-F3CEF8AADCFB}"
EndProject
Global
	GlobalSection(SolutionConfigurationPlatforms) = preSolution
		Debug|Any CPU = Debug|Any CPU
		Release|Any CPU = Release|Any CPU
	EndGlobalSection
	GlobalSection(ProjectConfigurationPlatforms) = postSolution
		{1AC8F682-5AE7-43D0-89AD-EF776394E34F}.Debug|Any CPU.ActiveCfg = Debug|Any CPU
		{1AC8F682-5AE7-43D0-89AD-EF776394E34F}.Debug|Any CPU.Build.0 = Debug|Any CPU
		{1AC8F682-5AE7-43D0-89AD-EF776394E34F}.Release|Any CPU.ActiveCfg = Release|Any CPU
		{1AC8F682-5AE7-43D0-89AD-EF776394E34F}.Release|Any CPU.Build.0 = Release|Any CPU
		{1A99ACBC-174D-40E3-864E-B6B170DF0ECE}.Debug|Any CPU.ActiveCfg = Debug|Any CPU
		{1A99ACBC-174D-40E3-864E-B6B170DF0ECE}.Debug|Any CPU.Build.0 = Debug|Any CPU
		{1A99ACBC-174D-40E3-864E-B6B170DF0ECE}.Release|Any CPU.ActiveCfg = Release|Any CPU
		{1A99ACBC-174D-40E3-864E-B6B170DF0ECE}.Release|Any CPU.Build.0 = Release|Any CPU
		{065684CF-C379-49E9-B834-74F5D0565462}.Debug|Any CPU.ActiveCfg = Debug|Any CPU
		{065684CF-C379-49E9-B834-74F5D0565462}.Debug|Any CPU.Build.0 = Debug|Any CPU
		{065684CF-C379-49E9-B834-74F5D0565462}.Release|Any CPU.ActiveCfg = Release|Any CPU
		{065684CF-C379-49E9-B834-74F5D0565462}.Release|Any CPU.Build.0 = Release|Any CPU
		{D44299E6-B144-4D30-AE77-273EB14727DA}.Debug|Any CPU.ActiveCfg = Debug|Any CPU
		{D44299E6-B144-4D30-AE77-273EB14727DA}.Debug|Any CPU.Build.0 = Debug|Any CPU
		{D44299E6-B144-4D30-AE77-273EB14727DA}.Release|Any CPU.ActiveCfg = Release|Any CPU
		{D44299E6-B144-4D30-AE77-273EB14727DA}.Release|Any CPU.Build.0 = Release|Any CPU
		{4AA33900-D9DA-4C94-86B3-69F6C5B82639}.Debug|Any CPU.ActiveCfg = Debug|Any CPU
		{4AA33900-D9DA-4C94-86B3-69F6C5B82639}.Debug|Any CPU.Build.0 = Debug|Any CPU
		{4AA33900-D9DA-4C94-86B3-69F6C5B82639}.Release|Any CPU.ActiveCfg = Release|Any CPU
		{4AA33900-D9DA-4C94-86B3-69F6C5B82639}.Release|Any CPU.Build.0 = Release|Any CPU
		{2C9A8B0F-5196-4DC9-85BC-D2E403008B41}.Debug|Any CPU.ActiveCfg = Debug|Any CPU
		{2C9A8B0F-5196-4DC9-85BC-D2E403008B41}.Debug|Any CPU.Build.0 = Debug|Any CPU
		{2C9A8B0F-5196-4DC9-85BC-D2E403008B41}.Release|Any CPU.ActiveCfg = Release|Any CPU
		{2C9A8B0F-5196-4DC9-85BC-D2E403008B41}.Release|Any CPU.Build.0 = Release|Any CPU
		{608A25D2-AA9E-411F-9B7A-3EDC0D1EDF93}.Debug|Any CPU.ActiveCfg = Debug|Any CPU
		{608A25D2-AA9E-411F-9B7A-3EDC0D1EDF93}.Debug|Any CPU.Build.0 = Debug|Any CPU
		{608A25D2-AA9E-411F-9B7A-3EDC0D1EDF93}.Release|Any CPU.ActiveCfg = Release|Any CPU
		{608A25D2-AA9E-411F-9B7A-3EDC0D1EDF93}.Release|Any CPU.Build.0 = Release|Any CPU
		{C0A11684-81EE-4C4D-BBFA-F3CEF8AADCFB}.Debug|Any CPU.ActiveCfg = Debug|Any CPU
		{C0A11684-81EE-4C4D-BBFA-F3CEF8AADCFB}.Debug|Any CPU.Build.0 = Debug|Any CPU
		{C0A11684-81EE-4C4D-BBFA-F3CEF8AADCFB}.Release|Any CPU.ActiveCfg = Release|Any CPU
		{C0A11684-81EE-4C4D-BBFA-F3CEF8AADCFB}.Release|Any CPU.Build.0 = Release|Any CPU
	EndGlobalSection
	GlobalSection(NestedProjects) = preSolution
		{1AC8F682-5AE7-43D0-89AD-EF776394E34F} = {556A3434-BF46-4835-804A-E31DCBC54851}
		{D44299E6-B144-4D30-AE77-273EB14727DA} = {556A3434-BF46-4835-804A-E31DCBC54851}
		{065684CF-C379-49E9-B834-74F5D0565462} = {556A3434-BF46-4835-804A-E31DCBC54851}
		{4AA33900-D9DA-4C94-86B3-69F6C5B82639} = {556A3434-BF46-4835-804A-E31DCBC54851}
		{1A99ACBC-174D-40E3-864E-B6B170DF0ECE} = {3CC0D029-9173-41A6-BCDE-5B7244051ACC}
		{2C9A8B0F-5196-4DC9-85BC-D2E403008B41} = {556A3434-BF46-4835-804A-E31DCBC54851}
		{608A25D2-AA9E-411F-9B7A-3EDC0D1EDF93} = {556A3434-BF46-4835-804A-E31DCBC54851}
		{C0A11684-81EE-4C4D-BBFA-F3CEF8AADCFB} = {67061F1D-591E-4D83-ACC0-9C70F52248DD}
	EndGlobalSection
EndGlobal
